// !$*UTF8*$!
{
	archiveVersion = 1;
	classes = {
	};
	objectVersion = 77;
	objects = {

/* Begin PBXContainerItemProxy section */
		285127D12DF41D3400CE78ED /* PBXContainerItemProxy */ = {
			isa = PBXContainerItemProxy;
			containerPortal = 285127BB2DF41D3200CE78ED /* Project object */;
			proxyType = 1;
			remoteGlobalIDString = 285127C22DF41D3200CE78ED;
			remoteInfo = CampusNavigator;
		};
		285127DB2DF41D3400CE78ED /* PBXContainerItemProxy */ = {
			isa = PBXContainerItemProxy;
			containerPortal = 285127BB2DF41D3200CE78ED /* Project object */;
			proxyType = 1;
			remoteGlobalIDString = 285127C22DF41D3200CE78ED;
			remoteInfo = CampusNavigator;
		};
/* End PBXContainerItemProxy section */

/* Begin PBXFileReference section */
		285127C32DF41D3200CE78ED /* CampusNavigator.app */ = {isa = PBXFileReference; explicitFileType = wrapper.application; includeInIndex = 0; path = CampusNavigator.app; sourceTree = BUILT_PRODUCTS_DIR; };
		285127D02DF41D3400CE78ED /* CampusNavigatorTests.xctest */ = {isa = PBXFileReference; explicitFileType = wrapper.cfbundle; includeInIndex = 0; path = CampusNavigatorTests.xctest; sourceTree = BUILT_PRODUCTS_DIR; };
		285127DA2DF41D3400CE78ED /* CampusNavigatorUITests.xctest */ = {isa = PBXFileReference; explicitFileType = wrapper.cfbundle; includeInIndex = 0; path = CampusNavigatorUITests.xctest; sourceTree = BUILT_PRODUCTS_DIR; };
/* End PBXFileReference section */

/* Begin PBXFileSystemSynchronizedRootGroup section */
		285127C52DF41D3200CE78ED /* CampusNavigator */ = {
			isa = PBXFileSystemSynchronizedRootGroup;
			path = CampusNavigator;
			sourceTree = "<group>";
		};
		285127D32DF41D3400CE78ED /* CampusNavigatorTests */ = {
			isa = PBXFileSystemSynchronizedRootGroup;
			path = CampusNavigatorTests;
			sourceTree = "<group>";
		};
		285127DD2DF41D3400CE78ED /* CampusNavigatorUITests */ = {
			isa = PBXFileSystemSynchronizedRootGroup;
			path = CampusNavigatorUITests;
			sourceTree = "<group>";
		};
/* End PBXFileSystemSynchronizedRootGroup section */

/* Begin PBXFrameworksBuildPhase section */
		285127C02DF41D3200CE78ED /* Frameworks */ = {
			isa = PBXFrameworksBuildPhase;
			buildActionMask = 2147483647;
			files = (
			);
			runOnlyForDeploymentPostprocessing = 0;
		};
		285127CD2DF41D3400CE78ED /* Frameworks */ = {
			isa = PBXFrameworksBuildPhase;
			buildActionMask = 2147483647;
			files = (
			);
			runOnlyForDeploymentPostprocessing = 0;
		};
		285127D72DF41D3400CE78ED /* Frameworks */ = {
			isa = PBXFrameworksBuildPhase;
			buildActionMask = 2147483647;
			files = (
			);
			runOnlyForDeploymentPostprocessing = 0;
		};
/* End PBXFrameworksBuildPhase section */

/* Begin PBXGroup section */
		285127BA2DF41D3200CE78ED = {
			isa = PBXGroup;
			children = (
				285127C52DF41D3200CE78ED /* CampusNavigator */,
				285127D32DF41D3400CE78ED /* CampusNavigatorTests */,
				285127DD2DF41D3400CE78ED /* CampusNavigatorUITests */,
				285127C42DF41D3200CE78ED /* Products */,
			);
			sourceTree = "<group>";
		};
		285127C42DF41D3200CE78ED /* Products */ = {
			isa = PBXGroup;
			children = (
				285127C32DF41D3200CE78ED /* CampusNavigator.app */,
				285127D02DF41D3400CE78ED /* CampusNavigatorTests.xctest */,
				285127DA2DF41D3400CE78ED /* CampusNavigatorUITests.xctest */,
			);
			name = Products;
			sourceTree = "<group>";
		};
/* End PBXGroup section */

/* Begin PBXNativeTarget section */
		285127C22DF41D3200CE78ED /* CampusNavigator */ = {
			isa = PBXNativeTarget;
			buildConfigurationList = 285127E42DF41D3400CE78ED /* Build configuration list for PBXNativeTarget "CampusNavigator" */;
			buildPhases = (
				285127BF2DF41D3200CE78ED /* Sources */,
				285127C02DF41D3200CE78ED /* Frameworks */,
				285127C12DF41D3200CE78ED /* Resources */,
			);
			buildRules = (
			);
			dependencies = (
			);
			fileSystemSynchronizedGroups = (
				285127C52DF41D3200CE78ED /* CampusNavigator */,
			);
			name = CampusNavigator;
			packageProductDependencies = (
			);
			productName = CampusNavigator;
			productReference = 285127C32DF41D3200CE78ED /* CampusNavigator.app */;
			productType = "com.apple.product-type.application";
		};
		285127CF2DF41D3400CE78ED /* CampusNavigatorTests */ = {
			isa = PBXNativeTarget;
			buildConfigurationList = 285127E72DF41D3400CE78ED /* Build configuration list for PBXNativeTarget "CampusNavigatorTests" */;
			buildPhases = (
				285127CC2DF41D3400CE78ED /* Sources */,
				285127CD2DF41D3400CE78ED /* Frameworks */,
				285127CE2DF41D3400CE78ED /* Resources */,
			);
			buildRules = (
			);
			dependencies = (
				285127D22DF41D3400CE78ED /* PBXTargetDependency */,
			);
			fileSystemSynchronizedGroups = (
				285127D32DF41D3400CE78ED /* CampusNavigatorTests */,
			);
			name = CampusNavigatorTests;
			packageProductDependencies = (
			);
			productName = CampusNavigatorTests;
			productReference = 285127D02DF41D3400CE78ED /* CampusNavigatorTests.xctest */;
			productType = "com.apple.product-type.bundle.unit-test";
		};
		285127D92DF41D3400CE78ED /* CampusNavigatorUITests */ = {
			isa = PBXNativeTarget;
			buildConfigurationList = 285127EA2DF41D3400CE78ED /* Build configuration list for PBXNativeTarget "CampusNavigatorUITests" */;
			buildPhases = (
				285127D62DF41D3400CE78ED /* Sources */,
				285127D72DF41D3400CE78ED /* Frameworks */,
				285127D82DF41D3400CE78ED /* Resources */,
			);
			buildRules = (
			);
			dependencies = (
				285127DC2DF41D3400CE78ED /* PBXTargetDependency */,
			);
			fileSystemSynchronizedGroups = (
				285127DD2DF41D3400CE78ED /* CampusNavigatorUITests */,
			);
			name = CampusNavigatorUITests;
			packageProductDependencies = (
			);
			productName = CampusNavigatorUITests;
			productReference = 285127DA2DF41D3400CE78ED /* CampusNavigatorUITests.xctest */;
			productType = "com.apple.product-type.bundle.ui-testing";
		};
/* End PBXNativeTarget section */

/* Begin PBXProject section */
		285127BB2DF41D3200CE78ED /* Project object */ = {
			isa = PBXProject;
			attributes = {
				BuildIndependentTargetsInParallel = 1;
				LastSwiftUpdateCheck = 1630;
				LastUpgradeCheck = 1630;
				TargetAttributes = {
					285127C22DF41D3200CE78ED = {
						CreatedOnToolsVersion = 16.3;
					};
					285127CF2DF41D3400CE78ED = {
						CreatedOnToolsVersion = 16.3;
						TestTargetID = 285127C22DF41D3200CE78ED;
					};
					285127D92DF41D3400CE78ED = {
						CreatedOnToolsVersion = 16.3;
						TestTargetID = 285127C22DF41D3200CE78ED;
					};
				};
			};
			buildConfigurationList = 285127BE2DF41D3200CE78ED /* Build configuration list for PBXProject "CampusNavigator" */;
			developmentRegion = en;
			hasScannedForEncodings = 0;
			knownRegions = (
				en,
				Base,
			);
			mainGroup = 285127BA2DF41D3200CE78ED;
			minimizedProjectReferenceProxies = 1;
			preferredProjectObjectVersion = 77;
			productRefGroup = 285127C42DF41D3200CE78ED /* Products */;
			projectDirPath = "";
			projectRoot = "";
			targets = (
				285127C22DF41D3200CE78ED /* CampusNavigator */,
				285127CF2DF41D3400CE78ED /* CampusNavigatorTests */,
				285127D92DF41D3400CE78ED /* CampusNavigatorUITests */,
			);
		};
/* End PBXProject section */

/* Begin PBXResourcesBuildPhase section */
		285127C12DF41D3200CE78ED /* Resources */ = {
			isa = PBXResourcesBuildPhase;
			buildActionMask = 2147483647;
			files = (
			);
			runOnlyForDeploymentPostprocessing = 0;
		};
		285127CE2DF41D3400CE78ED /* Resources */ = {
			isa = PBXResourcesBuildPhase;
			buildActionMask = 2147483647;
			files = (
			);
			runOnlyForDeploymentPostprocessing = 0;
		};
		285127D82DF41D3400CE78ED /* Resources */ = {
			isa = PBXResourcesBuildPhase;
			buildActionMask = 2147483647;
			files = (
			);
			runOnlyForDeploymentPostprocessing = 0;
		};
/* End PBXResourcesBuildPhase section */

/* Begin PBXSourcesBuildPhase section */
		285127BF2DF41D3200CE78ED /* Sources */ = {
			isa = PBXSourcesBuildPhase;
			buildActionMask = 2147483647;
			files = (
			);
			runOnlyForDeploymentPostprocessing = 0;
		};
		285127CC2DF41D3400CE78ED /* Sources */ = {
			isa = PBXSourcesBuildPhase;
			buildActionMask = 2147483647;
			files = (
			);
			runOnlyForDeploymentPostprocessing = 0;
		};
		285127D62DF41D3400CE78ED /* Sources */ = {
			isa = PBXSourcesBuildPhase;
			buildActionMask = 2147483647;
			files = (
			);
			runOnlyForDeploymentPostprocessing = 0;
		};
/* End PBXSourcesBuildPhase section */

/* Begin PBXTargetDependency section */
		285127D22DF41D3400CE78ED /* PBXTargetDependency */ = {
			isa = PBXTargetDependency;
			target = 285127C22DF41D3200CE78ED /* CampusNavigator */;
			targetProxy = 285127D12DF41D3400CE78ED /* PBXContainerItemProxy */;
		};
		285127DC2DF41D3400CE78ED /* PBXTargetDependency */ = {
			isa = PBXTargetDependency;
			target = 285127C22DF41D3200CE78ED /* CampusNavigator */;
			targetProxy = 285127DB2DF41D3400CE78ED /* PBXContainerItemProxy */;
		};
/* End PBXTargetDependency section */

/* Begin XCBuildConfiguration section */
		285127E22DF41D3400CE78ED /* Debug */ = {
			isa = XCBuildConfiguration;
			buildSettings = {
				ALWAYS_SEARCH_USER_PATHS = NO;
				ASSETCATALOG_COMPILER_GENERATE_SWIFT_ASSET_SYMBOL_EXTENSIONS = YES;
				CLANG_ANALYZER_NONNULL = YES;
				CLANG_ANALYZER_NUMBER_OBJECT_CONVERSION = YES_AGGRESSIVE;
				CLANG_CXX_LANGUAGE_STANDARD = "gnu++20";
				CLANG_ENABLE_MODULES = YES;
				CLANG_ENABLE_OBJC_ARC = YES;
				CLANG_ENABLE_OBJC_WEAK = YES;
				CLANG_WARN_BLOCK_CAPTURE_AUTORELEASING = YES;
				CLANG_WARN_BOOL_CONVERSION = YES;
				CLANG_WARN_COMMA = YES;
				CLANG_WARN_CONSTANT_CONVERSION = YES;
				CLANG_WARN_DEPRECATED_OBJC_IMPLEMENTATIONS = YES;
				CLANG_WARN_DIRECT_OBJC_ISA_USAGE = YES_ERROR;
				CLANG_WARN_DOCUMENTATION_COMMENTS = YES;
				CLANG_WARN_EMPTY_BODY = YES;
				CLANG_WARN_ENUM_CONVERSION = YES;
				CLANG_WARN_INFINITE_RECURSION = YES;
				CLANG_WARN_INT_CONVERSION = YES;
				CLANG_WARN_NON_LITERAL_NULL_CONVERSION = YES;
				CLANG_WARN_OBJC_IMPLICIT_RETAIN_SELF = YES;
				CLANG_WARN_OBJC_LITERAL_CONVERSION = YES;
				CLANG_WARN_OBJC_ROOT_CLASS = YES_ERROR;
				CLANG_WARN_QUOTED_INCLUDE_IN_FRAMEWORK_HEADER = YES;
				CLANG_WARN_RANGE_LOOP_ANALYSIS = YES;
				CLANG_WARN_STRICT_PROTOTYPES = YES;
				CLANG_WARN_SUSPICIOUS_MOVE = YES;
				CLANG_WARN_UNGUARDED_AVAILABILITY = YES_AGGRESSIVE;
				CLANG_WARN_UNREACHABLE_CODE = YES;
				CLANG_WARN__DUPLICATE_METHOD_MATCH = YES;
				COPY_PHASE_STRIP = NO;
				DEBUG_INFORMATION_FORMAT = dwarf;
				ENABLE_STRICT_OBJC_MSGSEND = YES;
				ENABLE_TESTABILITY = YES;
				ENABLE_USER_SCRIPT_SANDBOXING = YES;
				GCC_C_LANGUAGE_STANDARD = gnu17;
				GCC_DYNAMIC_NO_PIC = NO;
				GCC_NO_COMMON_BLOCKS = YES;
				GCC_OPTIMIZATION_LEVEL = 0;
				GCC_PREPROCESSOR_DEFINITIONS = (
					"DEBUG=1",
					"$(inherited)",
				);
				GCC_WARN_64_TO_32_BIT_CONVERSION = YES;
				GCC_WARN_ABOUT_RETURN_TYPE = YES_ERROR;
				GCC_WARN_UNDECLARED_SELECTOR = YES;
				GCC_WARN_UNINITIALIZED_AUTOS = YES_AGGRESSIVE;
				GCC_WARN_UNUSED_FUNCTION = YES;
				GCC_WARN_UNUSED_VARIABLE = YES;
				IPHONEOS_DEPLOYMENT_TARGET = 18.4;
				LOCALIZATION_PREFERS_STRING_CATALOGS = YES;
				MTL_ENABLE_DEBUG_INFO = INCLUDE_SOURCE;
				MTL_FAST_MATH = YES;
				ONLY_ACTIVE_ARCH = YES;
				SDKROOT = iphoneos;
				SWIFT_ACTIVE_COMPILATION_CONDITIONS = "DEBUG $(inherited)";
				SWIFT_OPTIMIZATION_LEVEL = "-Onone";
			};
			name = Debug;
		};
		285127E32DF41D3400CE78ED /* Release */ = {
			isa = XCBuildConfiguration;
			buildSettings = {
				ALWAYS_SEARCH_USER_PATHS = NO;
				ASSETCATALOG_COMPILER_GENERATE_SWIFT_ASSET_SYMBOL_EXTENSIONS = YES;
				CLANG_ANALYZER_NONNULL = YES;
				CLANG_ANALYZER_NUMBER_OBJECT_CONVERSION = YES_AGGRESSIVE;
				CLANG_CXX_LANGUAGE_STANDARD = "gnu++20";
				CLANG_ENABLE_MODULES = YES;
				CLANG_ENABLE_OBJC_ARC = YES;
				CLANG_ENABLE_OBJC_WEAK = YES;
				CLANG_WARN_BLOCK_CAPTURE_AUTORELEASING = YES;
				CLANG_WARN_BOOL_CONVERSION = YES;
				CLANG_WARN_COMMA = YES;
				CLANG_WARN_CONSTANT_CONVERSION = YES;
				CLANG_WARN_DEPRECATED_OBJC_IMPLEMENTATIONS = YES;
				CLANG_WARN_DIRECT_OBJC_ISA_USAGE = YES_ERROR;
				CLANG_WARN_DOCUMENTATION_COMMENTS = YES;
				CLANG_WARN_EMPTY_BODY = YES;
				CLANG_WARN_ENUM_CONVERSION = YES;
				CLANG_WARN_INFINITE_RECURSION = YES;
				CLANG_WARN_INT_CONVERSION = YES;
				CLANG_WARN_NON_LITERAL_NULL_CONVERSION = YES;
				CLANG_WARN_OBJC_IMPLICIT_RETAIN_SELF = YES;
				CLANG_WARN_OBJC_LITERAL_CONVERSION = YES;
				CLANG_WARN_OBJC_ROOT_CLASS = YES_ERROR;
				CLANG_WARN_QUOTED_INCLUDE_IN_FRAMEWORK_HEADER = YES;
				CLANG_WARN_RANGE_LOOP_ANALYSIS = YES;
				CLANG_WARN_STRICT_PROTOTYPES = YES;
				CLANG_WARN_SUSPICIOUS_MOVE = YES;
				CLANG_WARN_UNGUARDED_AVAILABILITY = YES_AGGRESSIVE;
				CLANG_WARN_UNREACHABLE_CODE = YES;
				CLANG_WARN__DUPLICATE_METHOD_MATCH = YES;
				COPY_PHASE_STRIP = NO;
				DEBUG_INFORMATION_FORMAT = "dwarf-with-dsym";
				ENABLE_NS_ASSERTIONS = NO;
				ENABLE_STRICT_OBJC_MSGSEND = YES;
				ENABLE_USER_SCRIPT_SANDBOXING = YES;
				GCC_C_LANGUAGE_STANDARD = gnu17;
				GCC_NO_COMMON_BLOCKS = YES;
				GCC_WARN_64_TO_32_BIT_CONVERSION = YES;
				GCC_WARN_ABOUT_RETURN_TYPE = YES_ERROR;
				GCC_WARN_UNDECLARED_SELECTOR = YES;
				GCC_WARN_UNINITIALIZED_AUTOS = YES_AGGRESSIVE;
				GCC_WARN_UNUSED_FUNCTION = YES;
				GCC_WARN_UNUSED_VARIABLE = YES;
				IPHONEOS_DEPLOYMENT_TARGET = 18.4;
				LOCALIZATION_PREFERS_STRING_CATALOGS = YES;
				MTL_ENABLE_DEBUG_INFO = NO;
				MTL_FAST_MATH = YES;
				SDKROOT = iphoneos;
				SWIFT_COMPILATION_MODE = wholemodule;
				VALIDATE_PRODUCT = YES;
			};
			name = Release;
		};
		285127E52DF41D3400CE78ED /* Debug */ = {
			isa = XCBuildConfiguration;
			buildSettings = {
				ASSETCATALOG_COMPILER_APPICON_NAME = AppIcon;
				ASSETCATALOG_COMPILER_GLOBAL_ACCENT_COLOR_NAME = AccentColor;
				CODE_SIGN_STYLE = Automatic;
				CURRENT_PROJECT_VERSION = 1;
				ENABLE_PREVIEWS = YES;
				GENERATE_INFOPLIST_FILE = YES;
				INFOPLIST_KEY_UIApplicationSceneManifest_Generation = YES;
				INFOPLIST_KEY_UIApplicationSupportsIndirectInputEvents = YES;
				INFOPLIST_KEY_UILaunchScreen_Generation = YES;
				INFOPLIST_KEY_UISupportedInterfaceOrientations_iPad = "UIInterfaceOrientationPortrait UIInterfaceOrientationPortraitUpsideDown UIInterfaceOrientationLandscapeLeft UIInterfaceOrientationLandscapeRight";
				INFOPLIST_KEY_UISupportedInterfaceOrientations_iPhone = "UIInterfaceOrientationPortrait UIInterfaceOrientationLandscapeLeft UIInterfaceOrientationLandscapeRight";
				LD_RUNPATH_SEARCH_PATHS = (
					"$(inherited)",
					"@executable_path/Frameworks",
				);
				MARKETING_VERSION = 1.0;
				PRODUCT_BUNDLE_IDENTIFIER = Proushoth.CampusNavigator;
				PRODUCT_NAME = "$(TARGET_NAME)";
				SWIFT_EMIT_LOC_STRINGS = YES;
				SWIFT_VERSION = 5.0;
				TARGETED_DEVICE_FAMILY = "1,2";
			};
			name = Debug;
		};
		285127E62DF41D3400CE78ED /* Release */ = {
			isa = XCBuildConfiguration;
			buildSettings = {
				ASSETCATALOG_COMPILER_APPICON_NAME = AppIcon;
				ASSETCATALOG_COMPILER_GLOBAL_ACCENT_COLOR_NAME = AccentColor;
				CODE_SIGN_STYLE = Automatic;
				CURRENT_PROJECT_VERSION = 1;
				ENABLE_PREVIEWS = YES;
				GENERATE_INFOPLIST_FILE = YES;
				INFOPLIST_KEY_UIApplicationSceneManifest_Generation = YES;
				INFOPLIST_KEY_UIApplicationSupportsIndirectInputEvents = YES;
				INFOPLIST_KEY_UILaunchScreen_Generation = YES;
				INFOPLIST_KEY_UISupportedInterfaceOrientations_iPad = "UIInterfaceOrientationPortrait UIInterfaceOrientationPortraitUpsideDown UIInterfaceOrientationLandscapeLeft UIInterfaceOrientationLandscapeRight";
				INFOPLIST_KEY_UISupportedInterfaceOrientations_iPhone = "UIInterfaceOrientationPortrait UIInterfaceOrientationLandscapeLeft UIInterfaceOrientationLandscapeRight";
				LD_RUNPATH_SEARCH_PATHS = (
					"$(inherited)",
					"@executable_path/Frameworks",
				);
				MARKETING_VERSION = 1.0;
				PRODUCT_BUNDLE_IDENTIFIER = Proushoth.CampusNavigator;
				PRODUCT_NAME = "$(TARGET_NAME)";
				SWIFT_EMIT_LOC_STRINGS = YES;
				SWIFT_VERSION = 5.0;
				TARGETED_DEVICE_FAMILY = "1,2";
			};
			name = Release;
		};
		285127E82DF41D3400CE78ED /* Debug */ = {
			isa = XCBuildConfiguration;
			buildSettings = {
				BUNDLE_LOADER = "$(TEST_HOST)";
				CODE_SIGN_STYLE = Automatic;
				CURRENT_PROJECT_VERSION = 1;
				GENERATE_INFOPLIST_FILE = YES;
				IPHONEOS_DEPLOYMENT_TARGET = 18.4;
				MARKETING_VERSION = 1.0;
				PRODUCT_BUNDLE_IDENTIFIER = Proushoth.CampusNavigatorTests;
				PRODUCT_NAME = "$(TARGET_NAME)";
				SWIFT_EMIT_LOC_STRINGS = NO;
				SWIFT_VERSION = 5.0;
				TARGETED_DEVICE_FAMILY = "1,2";
				TEST_HOST = "$(BUILT_PRODUCTS_DIR)/CampusNavigator.app/$(BUNDLE_EXECUTABLE_FOLDER_PATH)/CampusNavigator";
			};
			name = Debug;
		};
		285127E92DF41D3400CE78ED /* Release */ = {
			isa = XCBuildConfiguration;
			buildSettings = {
				BUNDLE_LOADER = "$(TEST_HOST)";
				CODE_SIGN_STYLE = Automatic;
				CURRENT_PROJECT_VERSION = 1;
				GENERATE_INFOPLIST_FILE = YES;
				IPHONEOS_DEPLOYMENT_TARGET = 18.4;
				MARKETING_VERSION = 1.0;
				PRODUCT_BUNDLE_IDENTIFIER = Proushoth.CampusNavigatorTests;
				PRODUCT_NAME = "$(TARGET_NAME)";
				SWIFT_EMIT_LOC_STRINGS = NO;
				SWIFT_VERSION = 5.0;
				TARGETED_DEVICE_FAMILY = "1,2";
				TEST_HOST = "$(BUILT_PRODUCTS_DIR)/CampusNavigator.app/$(BUNDLE_EXECUTABLE_FOLDER_PATH)/CampusNavigator";
			};
			name = Release;
		};
		285127EB2DF41D3400CE78ED /* Debug */ = {
			isa = XCBuildConfiguration;
			buildSettings = {
				CODE_SIGN_STYLE = Automatic;
				CURRENT_PROJECT_VERSION = 1;
				GENERATE_INFOPLIST_FILE = YES;
				MARKETING_VERSION = 1.0;
				PRODUCT_BUNDLE_IDENTIFIER = Proushoth.CampusNavigatorUITests;
				PRODUCT_NAME = "$(TARGET_NAME)";
				SWIFT_EMIT_LOC_STRINGS = NO;
				SWIFT_VERSION = 5.0;
				TARGETED_DEVICE_FAMILY = "1,2";
				TEST_TARGET_NAME = CampusNavigator;
			};
			name = Debug;
		};
		285127EC2DF41D3400CE78ED /* Release */ = {
			isa = XCBuildConfiguration;
			buildSettings = {
				CODE_SIGN_STYLE = Automatic;
				CURRENT_PROJECT_VERSION = 1;
				GENERATE_INFOPLIST_FILE = YES;
				MARKETING_VERSION = 1.0;
				PRODUCT_BUNDLE_IDENTIFIER = Proushoth.CampusNavigatorUITests;
				PRODUCT_NAME = "$(TARGET_NAME)";
				SWIFT_EMIT_LOC_STRINGS = NO;
				SWIFT_VERSION = 5.0;
				TARGETED_DEVICE_FAMILY = "1,2";
				TEST_TARGET_NAME = CampusNavigator;
			};
			name = Release;
		};
/* End XCBuildConfiguration section */

/* Begin XCConfigurationList section */
		285127BE2DF41D3200CE78ED /* Build configuration list for PBXProject "CampusNavigator" */ = {
			isa = XCConfigurationList;
			buildConfigurations = (
				285127E22DF41D3400CE78ED /* Debug */,
				285127E32DF41D3400CE78ED /* Release */,
			);
			defaultConfigurationIsVisible = 0;
			defaultConfigurationName = Release;
		};
		285127E42DF41D3400CE78ED /* Build configuration list for PBXNativeTarget "CampusNavigator" */ = {
			isa = XCConfigurationList;
			buildConfigurations = (
				285127E52DF41D3400CE78ED /* Debug */,
				285127E62DF41D3400CE78ED /* Release */,
			);
			defaultConfigurationIsVisible = 0;
			defaultConfigurationName = Release;
		};
		285127E72DF41D3400CE78ED /* Build configuration list for PBXNativeTarget "CampusNavigatorTests" */ = {
			isa = XCConfigurationList;
			buildConfigurations = (
				285127E82DF41D3400CE78ED /* Debug */,
				285127E92DF41D3400CE78ED /* Release */,
			);
			defaultConfigurationIsVisible = 0;
			defaultConfigurationName = Release;
		};
		285127EA2DF41D3400CE78ED /* Build configuration list for PBXNativeTarget "CampusNavigatorUITests" */ = {
			isa = XCConfigurationList;
			buildConfigurations = (
				285127EB2DF41D3400CE78ED /* Debug */,
				285127EC2DF41D3400CE78ED /* Release */,
			);
			defaultConfigurationIsVisible = 0;
			defaultConfigurationName = Release;
		};
/* End XCConfigurationList section */
	};
	rootObject = 285127BB2DF41D3200CE78ED /* Project object */;
}
